
Microsoft Visual Studio Solution File, Format Version 12.00
# Visual Studio 15
VisualStudioVersion = 15.0.28307.421
MinimumVisualStudioVersion = 10.0.40219.1
Project("{FAE04EC0-301F-11D3-BF4B-00C04F79EFBC}") = "MathMethodsDiscordBot", "MathMethodsDiscordBot\MathMethodsDiscordBot.csproj", "{D1669D1E-A1A5-4516-A319-429A26180FDC}"
EndProject
Global
	GlobalSection(SolutionConfigurationPlatforms) = preSolution
		Debug|Any CPU = Debug|Any CPU
		Release|Any CPU = Release|Any CPU
	EndGlobalSection
	GlobalSection(ProjectConfigurationPlatforms) = postSolution
		{D1669D1E-A1A5-4516-A319-429A26180FDC}.Debug|Any CPU.ActiveCfg = Debug|Any CPU
		{D1669D1E-A1A5-4516-A319-429A26180FDC}.Debug|Any CPU.Build.0 = Debug|Any CPU
		{D1669D1E-A1A5-4516-A319-429A26180FDC}.Release|Any CPU.ActiveCfg = Release|Any CPU
		{D1669D1E-A1A5-4516-A319-429A26180FDC}.Release|Any CPU.Build.0 = Release|Any CPU
	EndGlobalSection
	GlobalSection(SolutionProperties) = preSolution
		HideSolutionNode = FALSE
	EndGlobalSection
	GlobalSection(ExtensibilityGlobals) = postSolution
		SolutionGuid = {72BF7C36-2228-4356-B530-8982D6EC9F79}
	EndGlobalSection
EndGlobal
